{
  "lockfileVersion": 1,
  "configVersion": 1,
  "workspaces": {
    "": {
      "name": "lithe-macos-monaco-experiment",
      "dependencies": {
        "@lithe/editor": "file:../../../frontend/editor",
      },
    },
  },
  "packages": {
    "@lithe/editor": ["@lithe/editor@file:../../../frontend/editor", { "dependencies": { "monaco-editor": "0.55.1", "vscode-oniguruma": "1.7.0", "vscode-textmate": "9.3.2" } }],

    "@types/trusted-types": ["@types/trusted-types@2.0.7", "https://registry.npmmirror.com/@types/trusted-types/-/trusted-types-2.0.7.tgz", {}, "sha512-ScaPdn1dQczgbl0QFTeTOmVHFULt394XJgOQNoyVhZ6r2vLnMLJfBPd53SB52T/3G36VI1/g2MZaX0cwDuXsfw=="],

    "dompurify": ["dompurify@3.2.7", "https://registry.npmmirror.com/dompurify/-/dompurify-3.2.7.tgz", { "optionalDependencies": { "@types/trusted-types": "^2.0.7" } }, "sha512-WhL/YuveyGXJaerVlMYGWhvQswa7myDG17P7Vu65EWC05o8vfeNbvNf4d/BOvH99+ZW+LlQsc1GDKMa1vNK6dw=="],

    "marked": ["marked@14.0.0", "https://registry.npmmirror.com/marked/-/marked-14.0.0.tgz", { "bin": { "marked": "bin/marked.js" } }, "sha512-uIj4+faQ+MgHgwUW1l2PsPglZLOLOT1uErt06dAPtx2kjteLAkbsd/0FiYg/MGS+i7ZKLb7w2WClxHkzOOuryQ=="],

    "monaco-editor": ["monaco-editor@0.55.1", "https://registry.npmmirror.com/monaco-editor/-/monaco-editor-0.55.1.tgz", { "dependencies": { "dompurify": "3.2.7", "marked": "14.0.0" } }, "sha512-jz4x+TJNFHwHtwuV9vA9rMujcZRb0CEilTEwG2rRSpe/A7Jdkuj8xPKttCgOh+v/lkHy7HsZ64oj+q3xoAFl9A=="],

    "vscode-oniguruma": ["vscode-oniguruma@1.7.0", "https://registry.npmmirror.com/vscode-oniguruma/-/vscode-oniguruma-1.7.0.tgz", {}, "sha512-L9WMGRfrjOhgHSdOYgCt/yRMsXzLDJSL7BPrOZt73gU0iWO4mpqzqQzOz5srxqTvMBaR0XZTSrVWo4j55Rc6cA=="],

    "vscode-textmate": ["vscode-textmate@9.3.2", "https://registry.npmmirror.com/vscode-textmate/-/vscode-textmate-9.3.2.tgz", {}, "sha512-n2uGbUcrjhUEBH16uGA0TvUfhWwliFZ1e3+pTjrkim1Mt7ydB41lV08aUvsi70OlzDWp6X7Bx3w/x3fAXIsN0Q=="],
  }
}
